
Microsoft Visual Studio Solution File, Format Version 12.00
# Visual Studio Version 17
VisualStudioVersion = 17.3.32804.467
MinimumVisualStudioVersion = 10.0.40219.1
Project("{FAE04EC0-301F-11D3-BF4B-00C04F79EFBC}") = "VideoSharingService", "VideoSharingService\VideoSharingService.csproj", "{15620794-CB19-4027-94A3-213D5234A275}"
EndProject
Project("{FAE04EC0-301F-11D3-BF4B-00C04F79EFBC}") = "APIGateway", "APIGateway\APIGateway.csproj", "{5B84D8AC-722C-45B9-9E13-E9169EFF8244}"
EndProject
Global
	GlobalSection(SolutionConfigurationPlatforms) = preSolution
		Debug|Any CPU = Debug|Any CPU
		Release|Any CPU = Release|Any CPU
	EndGlobalSection
	GlobalSection(ProjectConfigurationPlatforms) = postSolution
		{15620794-CB19-4027-94A3-213D5234A275}.Debug|Any CPU.ActiveCfg = Debug|Any CPU
		{15620794-CB19-4027-94A3-213D5234A275}.Debug|Any CPU.Build.0 = Debug|Any CPU
		{15620794-CB19-4027-94A3-213D5234A275}.Release|Any CPU.ActiveCfg = Release|Any CPU
		{15620794-CB19-4027-94A3-213D5234A275}.Release|Any CPU.Build.0 = Release|Any CPU
		{5B84D8AC-722C-45B9-9E13-E9169EFF8244}.Debug|Any CPU.ActiveCfg = Debug|Any CPU
		{5B84D8AC-722C-45B9-9E13-E9169EFF8244}.Debug|Any CPU.Build.0 = Debug|Any CPU
		{5B84D8AC-722C-45B9-9E13-E9169EFF8244}.Release|Any CPU.ActiveCfg = Release|Any CPU
		{5B84D8AC-722C-45B9-9E13-E9169EFF8244}.Release|Any CPU.Build.0 = Release|Any CPU
	EndGlobalSection
	GlobalSection(SolutionProperties) = preSolution
		HideSolutionNode = FALSE
	EndGlobalSection
	GlobalSection(ExtensibilityGlobals) = postSolution
		SolutionGuid = {F046BE74-8583-446E-922A-406A03686574}
	EndGlobalSection
EndGlobal
